
Microsoft Visual Studio Solution File, Format Version 12.00
# Visual Studio Version 17
VisualStudioVersion = 17.3.32929.385
MinimumVisualStudioVersion = 10.0.40219.1
Project("{FAE04EC0-301F-11D3-BF4B-00C04F79EFBC}") = "jenkinsproj", "jenkinsproj.csproj", "{E0E4D26B-D9BA-4FFE-81B4-187E6D5651AB}"
EndProject
Global
	GlobalSection(SolutionConfigurationPlatforms) = preSolution
		Debug|Any CPU = Debug|Any CPU
		Release|Any CPU = Release|Any CPU
	EndGlobalSection
	GlobalSection(ProjectConfigurationPlatforms) = postSolution
		{E0E4D26B-D9BA-4FFE-81B4-187E6D5651AB}.Debug|Any CPU.ActiveCfg = Debug|Any CPU
		{E0E4D26B-D9BA-4FFE-81B4-187E6D5651AB}.Debug|Any CPU.Build.0 = Debug|Any CPU
		{E0E4D26B-D9BA-4FFE-81B4-187E6D5651AB}.Release|Any CPU.ActiveCfg = Release|Any CPU
		{E0E4D26B-D9BA-4FFE-81B4-187E6D5651AB}.Release|Any CPU.Build.0 = Release|Any CPU
	EndGlobalSection
	GlobalSection(SolutionProperties) = preSolution
		HideSolutionNode = FALSE
	EndGlobalSection
	GlobalSection(ExtensibilityGlobals) = postSolution
		SolutionGuid = {18C89133-B9F7-42FA-8E16-F67456A4D4F3}
	EndGlobalSection
EndGlobal
