
Microsoft Visual Studio Solution File, Format Version 12.00
# Visual Studio Version 17
VisualStudioVersion = 17.3.32929.385
MinimumVisualStudioVersion = 10.0.40219.1
Project("{FAE04EC0-301F-11D3-BF4B-00C04F79EFBC}") = "webapiproject", "webapiproject.csproj", "{DDC9C240-4078-43B8-9DAF-AD78BDFC0F4A}"
	ProjectSection(ProjectDependencies) = postProject
		{702F6CF0-7750-4A85-B9FF-720BB70A723F} = {702F6CF0-7750-4A85-B9FF-720BB70A723F}
	EndProjectSection
EndProject
Project("{FAE04EC0-301F-11D3-BF4B-00C04F79EFBC}") = "bal2", "..\bal2\bal2.csproj", "{5980B885-0668-4358-AB15-17BC5A1C1AF8}"
EndProject
Project("{FAE04EC0-301F-11D3-BF4B-00C04F79EFBC}") = "dal2", "..\dal2\dal2.csproj", "{6996F5B8-7BB8-41B9-8B9B-7C10FE74110D}"
EndProject
Project("{FAE04EC0-301F-11D3-BF4B-00C04F79EFBC}") = "Helper2", "..\Helper2\Helper2.csproj", "{702F6CF0-7750-4A85-B9FF-720BB70A723F}"
EndProject
Global
	GlobalSection(SolutionConfigurationPlatforms) = preSolution
		Debug|Any CPU = Debug|Any CPU
		Release|Any CPU = Release|Any CPU
	EndGlobalSection
	GlobalSection(ProjectConfigurationPlatforms) = postSolution
		{DDC9C240-4078-43B8-9DAF-AD78BDFC0F4A}.Debug|Any CPU.ActiveCfg = Debug|Any CPU
		{DDC9C240-4078-43B8-9DAF-AD78BDFC0F4A}.Debug|Any CPU.Build.0 = Debug|Any CPU
		{DDC9C240-4078-43B8-9DAF-AD78BDFC0F4A}.Release|Any CPU.ActiveCfg = Release|Any CPU
		{DDC9C240-4078-43B8-9DAF-AD78BDFC0F4A}.Release|Any CPU.Build.0 = Release|Any CPU
		{5980B885-0668-4358-AB15-17BC5A1C1AF8}.Debug|Any CPU.ActiveCfg = Debug|Any CPU
		{5980B885-0668-4358-AB15-17BC5A1C1AF8}.Debug|Any CPU.Build.0 = Debug|Any CPU
		{5980B885-0668-4358-AB15-17BC5A1C1AF8}.Release|Any CPU.ActiveCfg = Release|Any CPU
		{5980B885-0668-4358-AB15-17BC5A1C1AF8}.Release|Any CPU.Build.0 = Release|Any CPU
		{6996F5B8-7BB8-41B9-8B9B-7C10FE74110D}.Debug|Any CPU.ActiveCfg = Debug|Any CPU
		{6996F5B8-7BB8-41B9-8B9B-7C10FE74110D}.Debug|Any CPU.Build.0 = Debug|Any CPU
		{6996F5B8-7BB8-41B9-8B9B-7C10FE74110D}.Release|Any CPU.ActiveCfg = Release|Any CPU
		{6996F5B8-7BB8-41B9-8B9B-7C10FE74110D}.Release|Any CPU.Build.0 = Release|Any CPU
		{702F6CF0-7750-4A85-B9FF-720BB70A723F}.Debug|Any CPU.ActiveCfg = Debug|Any CPU
		{702F6CF0-7750-4A85-B9FF-720BB70A723F}.Debug|Any CPU.Build.0 = Debug|Any CPU
		{702F6CF0-7750-4A85-B9FF-720BB70A723F}.Release|Any CPU.ActiveCfg = Release|Any CPU
		{702F6CF0-7750-4A85-B9FF-720BB70A723F}.Release|Any CPU.Build.0 = Release|Any CPU
	EndGlobalSection
	GlobalSection(SolutionProperties) = preSolution
		HideSolutionNode = FALSE
	EndGlobalSection
	GlobalSection(ExtensibilityGlobals) = postSolution
		SolutionGuid = {A7631376-CBB8-4FFF-BB46-D306DE4E5C78}
	EndGlobalSection
EndGlobal
